
Microsoft Visual Studio Solution File, Format Version 12.00
# Visual Studio Version 17
VisualStudioVersion = 17.7.34221.43
MinimumVisualStudioVersion = 10.0.40219.1
Project("{FAE04EC0-301F-11D3-BF4B-00C04F79EFBC}") = "D9-Assignment", "D9-Assignment\D9-Assignment.csproj", "{06498B4B-CE80-41EB-B9AA-86EB30422985}"
EndProject
Global
	GlobalSection(SolutionConfigurationPlatforms) = preSolution
		Debug|Any CPU = Debug|Any CPU
		Release|Any CPU = Release|Any CPU
	EndGlobalSection
	GlobalSection(ProjectConfigurationPlatforms) = postSolution
		{06498B4B-CE80-41EB-B9AA-86EB30422985}.Debug|Any CPU.ActiveCfg = Debug|Any CPU
		{06498B4B-CE80-41EB-B9AA-86EB30422985}.Debug|Any CPU.Build.0 = Debug|Any CPU
		{06498B4B-CE80-41EB-B9AA-86EB30422985}.Release|Any CPU.ActiveCfg = Release|Any CPU
		{06498B4B-CE80-41EB-B9AA-86EB30422985}.Release|Any CPU.Build.0 = Release|Any CPU
	EndGlobalSection
	GlobalSection(SolutionProperties) = preSolution
		HideSolutionNode = FALSE
	EndGlobalSection
	GlobalSection(ExtensibilityGlobals) = postSolution
		SolutionGuid = {1F892D67-FE58-4016-ACEA-8CAE9498B8F9}
	EndGlobalSection
EndGlobal
